// !$*UTF8*$!
{
	archiveVersion = 1;
	classes = {
	};
	objectVersion = 56;
	objects = {

/* Begin PBXBuildFile section */
		16700BE82996E09B008847E4 /* RiskFunc.swift in Sources */ = {isa = PBXBuildFile; fileRef = 16700BE72996E09A008847E4 /* RiskFunc.swift */; };
		167B29F4299AB84E00E6C8C7 /* TabView.swift in Sources */ = {isa = PBXBuildFile; fileRef = 167B29F3299AB84D00E6C8C7 /* TabView.swift */; };
		168228A3298081E4003D15D5 /* moreInfo.swift in Sources */ = {isa = PBXBuildFile; fileRef = 168228A2298081E4003D15D5 /* moreInfo.swift */; };
		16847AFB297AF9FF00D7CBB1 /* AirQualityApp.swift in Sources */ = {isa = PBXBuildFile; fileRef = 16847AFA297AF9FF00D7CBB1 /* AirQualityApp.swift */; };
		16847AFD297AF9FF00D7CBB1 /* ContentView.swift in Sources */ = {isa = PBXBuildFile; fileRef = 16847AFC297AF9FF00D7CBB1 /* ContentView.swift */; };
		16847AFF297AFA0E00D7CBB1 /* Assets.xcassets in Resources */ = {isa = PBXBuildFile; fileRef = 16847AFE297AFA0E00D7CBB1 /* Assets.xcassets */; };
		16847B02297AFA0E00D7CBB1 /* Preview Assets.xcassets in Resources */ = {isa = PBXBuildFile; fileRef = 16847B01297AFA0E00D7CBB1 /* Preview Assets.xcassets */; };
		16847B0C297AFA0E00D7CBB1 /* AirQualityTests.swift in Sources */ = {isa = PBXBuildFile; fileRef = 16847B0B297AFA0E00D7CBB1 /* AirQualityTests.swift */; };
		16847B16297AFA0E00D7CBB1 /* AirQualityUITests.swift in Sources */ = {isa = PBXBuildFile; fileRef = 16847B15297AFA0E00D7CBB1 /* AirQualityUITests.swift */; };
		16847B18297AFA0E00D7CBB1 /* AirQualityUITestsLaunchTests.swift in Sources */ = {isa = PBXBuildFile; fileRef = 16847B17297AFA0E00D7CBB1 /* AirQualityUITestsLaunchTests.swift */; };
		16847B25297B2CBA00D7CBB1 /* Quality.swift in Sources */ = {isa = PBXBuildFile; fileRef = 16847B24297B2CBA00D7CBB1 /* Quality.swift */; };
		16847B29297B318F00D7CBB1 /* Page.swift in Sources */ = {isa = PBXBuildFile; fileRef = 16847B28297B318F00D7CBB1 /* Page.swift */; };
		16847B2D297E78CC00D7CBB1 /* QualityModel.swift in Sources */ = {isa = PBXBuildFile; fileRef = 16847B2C297E78CC00D7CBB1 /* QualityModel.swift */; };
/* End PBXBuildFile section */

/* Begin PBXContainerItemProxy section */
		16847B08297AFA0E00D7CBB1 /* PBXContainerItemProxy */ = {
			isa = PBXContainerItemProxy;
			containerPortal = 16847AEF297AF9FF00D7CBB1 /* Project object */;
			proxyType = 1;
			remoteGlobalIDString = 16847AF6297AF9FF00D7CBB1;
			remoteInfo = AirQuality;
		};
		16847B12297AFA0E00D7CBB1 /* PBXContainerItemProxy */ = {
			isa = PBXContainerItemProxy;
			containerPortal = 16847AEF297AF9FF00D7CBB1 /* Project object */;
			proxyType = 1;
			remoteGlobalIDString = 16847AF6297AF9FF00D7CBB1;
			remoteInfo = AirQuality;
		};
/* End PBXContainerItemProxy section */

/* Begin PBXFileReference section */
		16700BE72996E09A008847E4 /* RiskFunc.swift */ = {isa = PBXFileReference; lastKnownFileType = sourcecode.swift; path = RiskFunc.swift; sourceTree = "<group>"; };
		167B29F3299AB84D00E6C8C7 /* TabView.swift */ = {isa = PBXFileReference; lastKnownFileType = sourcecode.swift; path = TabView.swift; sourceTree = "<group>"; };
		168228A2298081E4003D15D5 /* moreInfo.swift */ = {isa = PBXFileReference; lastKnownFileType = sourcecode.swift; path = moreInfo.swift; sourceTree = "<group>"; };
		16847AF7297AF9FF00D7CBB1 /* AirQuality.app */ = {isa = PBXFileReference; explicitFileType = wrapper.application; includeInIndex = 0; path = AirQuality.app; sourceTree = BUILT_PRODUCTS_DIR; };
		16847AFA297AF9FF00D7CBB1 /* AirQualityApp.swift */ = {isa = PBXFileReference; lastKnownFileType = sourcecode.swift; path = AirQualityApp.swift; sourceTree = "<group>"; };
		16847AFC297AF9FF00D7CBB1 /* ContentView.swift */ = {isa = PBXFileReference; lastKnownFileType = sourcecode.swift; path = ContentView.swift; sourceTree = "<group>"; };
		16847AFE297AFA0E00D7CBB1 /* Assets.xcassets */ = {isa = PBXFileReference; lastKnownFileType = folder.assetcatalog; path = Assets.xcassets; sourceTree = "<group>"; };
		16847B01297AFA0E00D7CBB1 /* Preview Assets.xcassets */ = {isa = PBXFileReference; lastKnownFileType = folder.assetcatalog; path = "Preview Assets.xcassets"; sourceTree = "<group>"; };
		16847B07297AFA0E00D7CBB1 /* AirQualityTests.xctest */ = {isa = PBXFileReference; explicitFileType = wrapper.cfbundle; includeInIndex = 0; path = AirQualityTests.xctest; sourceTree = BUILT_PRODUCTS_DIR; };
		16847B0B297AFA0E00D7CBB1 /* AirQualityTests.swift */ = {isa = PBXFileReference; lastKnownFileType = sourcecode.swift; path = AirQualityTests.swift; sourceTree = "<group>"; };
		16847B11297AFA0E00D7CBB1 /* AirQualityUITests.xctest */ = {isa = PBXFileReference; explicitFileType = wrapper.cfbundle; includeInIndex = 0; path = AirQualityUITests.xctest; sourceTree = BUILT_PRODUCTS_DIR; };
		16847B15297AFA0E00D7CBB1 /* AirQualityUITests.swift */ = {isa = PBXFileReference; lastKnownFileType = sourcecode.swift; path = AirQualityUITests.swift; sourceTree = "<group>"; };
		16847B17297AFA0E00D7CBB1 /* AirQualityUITestsLaunchTests.swift */ = {isa = PBXFileReference; lastKnownFileType = sourcecode.swift; path = AirQualityUITestsLaunchTests.swift; sourceTree = "<group>"; };
		16847B24297B2CBA00D7CBB1 /* Quality.swift */ = {isa = PBXFileReference; lastKnownFileType = sourcecode.swift; path = Quality.swift; sourceTree = "<group>"; };
		16847B28297B318F00D7CBB1 /* Page.swift */ = {isa = PBXFileReference; lastKnownFileType = sourcecode.swift; path = Page.swift; sourceTree = "<group>"; };
		16847B2C297E78CC00D7CBB1 /* QualityModel.swift */ = {isa = PBXFileReference; fileEncoding = 4; lastKnownFileType = sourcecode.swift; path = QualityModel.swift; sourceTree = "<group>"; };
/* End PBXFileReference section */

/* Begin PBXFrameworksBuildPhase section */
		16847AF4297AF9FF00D7CBB1 /* Frameworks */ = {
			isa = PBXFrameworksBuildPhase;
			buildActionMask = 2147483647;
			files = (
			);
			runOnlyForDeploymentPostprocessing = 0;
		};
		16847B04297AFA0E00D7CBB1 /* Frameworks */ = {
			isa = PBXFrameworksBuildPhase;
			buildActionMask = 2147483647;
			files = (
			);
			runOnlyForDeploymentPostprocessing = 0;
		};
		16847B0E297AFA0E00D7CBB1 /* Frameworks */ = {
			isa = PBXFrameworksBuildPhase;
			buildActionMask = 2147483647;
			files = (
			);
			runOnlyForDeploymentPostprocessing = 0;
		};
/* End PBXFrameworksBuildPhase section */

/* Begin PBXGroup section */
		16130FDA29858FC9006E5F08 /* views */ = {
			isa = PBXGroup;
			children = (
				16847AFC297AF9FF00D7CBB1 /* ContentView.swift */,
				167B29F3299AB84D00E6C8C7 /* TabView.swift */,
				168228A2298081E4003D15D5 /* moreInfo.swift */,
			);
			path = views;
			sourceTree = "<group>";
		};
		16130FDB29858FEA006E5F08 /* model */ = {
			isa = PBXGroup;
			children = (
				16847B24297B2CBA00D7CBB1 /* Quality.swift */,
				16847B2C297E78CC00D7CBB1 /* QualityModel.swift */,
				16847AFE297AFA0E00D7CBB1 /* Assets.xcassets */,
				16700BE72996E09A008847E4 /* RiskFunc.swift */,
			);
			path = model;
			sourceTree = "<group>";
		};
		16847AEE297AF9FF00D7CBB1 = {
			isa = PBXGroup;
			children = (
				16847AF9297AF9FF00D7CBB1 /* AirQuality */,
				16847B0A297AFA0E00D7CBB1 /* AirQualityTests */,
				16847B14297AFA0E00D7CBB1 /* AirQualityUITests */,
				16847AF8297AF9FF00D7CBB1 /* Products */,
			);
			sourceTree = "<group>";
		};
		16847AF8297AF9FF00D7CBB1 /* Products */ = {
			isa = PBXGroup;
			children = (
				16847AF7297AF9FF00D7CBB1 /* AirQuality.app */,
				16847B07297AFA0E00D7CBB1 /* AirQualityTests.xctest */,
				16847B11297AFA0E00D7CBB1 /* AirQualityUITests.xctest */,
			);
			name = Products;
			sourceTree = "<group>";
		};
		16847AF9297AF9FF00D7CBB1 /* AirQuality */ = {
			isa = PBXGroup;
			children = (
				16847AFA297AF9FF00D7CBB1 /* AirQualityApp.swift */,
				16847B28297B318F00D7CBB1 /* Page.swift */,
				16130FDB29858FEA006E5F08 /* model */,
				16130FDA29858FC9006E5F08 /* views */,
				16847B00297AFA0E00D7CBB1 /* Preview Content */,
			);
			path = AirQuality;
			sourceTree = "<group>";
		};
		16847B00297AFA0E00D7CBB1 /* Preview Content */ = {
			isa = PBXGroup;
			children = (
				16847B01297AFA0E00D7CBB1 /* Preview Assets.xcassets */,
			);
			path = "Preview Content";
			sourceTree = "<group>";
		};
		16847B0A297AFA0E00D7CBB1 /* AirQualityTests */ = {
			isa = PBXGroup;
			children = (
				16847B0B297AFA0E00D7CBB1 /* AirQualityTests.swift */,
			);
			path = AirQualityTests;
			sourceTree = "<group>";
		};
		16847B14297AFA0E00D7CBB1 /* AirQualityUITests */ = {
			isa = PBXGroup;
			children = (
				16847B15297AFA0E00D7CBB1 /* AirQualityUITests.swift */,
				16847B17297AFA0E00D7CBB1 /* AirQualityUITestsLaunchTests.swift */,
			);
			path = AirQualityUITests;
			sourceTree = "<group>";
		};
/* End PBXGroup section */

/* Begin PBXNativeTarget section */
		16847AF6297AF9FF00D7CBB1 /* AirQuality */ = {
			isa = PBXNativeTarget;
			buildConfigurationList = 16847B1B297AFA0E00D7CBB1 /* Build configuration list for PBXNativeTarget "AirQuality" */;
			buildPhases = (
				16847AF3297AF9FF00D7CBB1 /* Sources */,
				16847AF4297AF9FF00D7CBB1 /* Frameworks */,
				16847AF5297AF9FF00D7CBB1 /* Resources */,
			);
			buildRules = (
			);
			dependencies = (
			);
			name = AirQuality;
			productName = AirQuality;
			productReference = 16847AF7297AF9FF00D7CBB1 /* AirQuality.app */;
			productType = "com.apple.product-type.application";
		};
		16847B06297AFA0E00D7CBB1 /* AirQualityTests */ = {
			isa = PBXNativeTarget;
			buildConfigurationList = 16847B1E297AFA0E00D7CBB1 /* Build configuration list for PBXNativeTarget "AirQualityTests" */;
			buildPhases = (
				16847B03297AFA0E00D7CBB1 /* Sources */,
				16847B04297AFA0E00D7CBB1 /* Frameworks */,
				16847B05297AFA0E00D7CBB1 /* Resources */,
			);
			buildRules = (
			);
			dependencies = (
				16847B09297AFA0E00D7CBB1 /* PBXTargetDependency */,
			);
			name = AirQualityTests;
			productName = AirQualityTests;
			productReference = 16847B07297AFA0E00D7CBB1 /* AirQualityTests.xctest */;
			productType = "com.apple.product-type.bundle.unit-test";
		};
		16847B10297AFA0E00D7CBB1 /* AirQualityUITests */ = {
			isa = PBXNativeTarget;
			buildConfigurationList = 16847B21297AFA0E00D7CBB1 /* Build configuration list for PBXNativeTarget "AirQualityUITests" */;
			buildPhases = (
				16847B0D297AFA0E00D7CBB1 /* Sources */,
				16847B0E297AFA0E00D7CBB1 /* Frameworks */,
				16847B0F297AFA0E00D7CBB1 /* Resources */,
			);
			buildRules = (
			);
			dependencies = (
				16847B13297AFA0E00D7CBB1 /* PBXTargetDependency */,
			);
			name = AirQualityUITests;
			productName = AirQualityUITests;
			productReference = 16847B11297AFA0E00D7CBB1 /* AirQualityUITests.xctest */;
			productType = "com.apple.product-type.bundle.ui-testing";
		};
/* End PBXNativeTarget section */

/* Begin PBXProject section */
		16847AEF297AF9FF00D7CBB1 /* Project object */ = {
			isa = PBXProject;
			attributes = {
				BuildIndependentTargetsInParallel = 1;
				LastSwiftUpdateCheck = 1400;
				LastUpgradeCheck = 1400;
				TargetAttributes = {
					16847AF6297AF9FF00D7CBB1 = {
						CreatedOnToolsVersion = 14.0.1;
					};
					16847B06297AFA0E00D7CBB1 = {
						CreatedOnToolsVersion = 14.0.1;
						TestTargetID = 16847AF6297AF9FF00D7CBB1;
					};
					16847B10297AFA0E00D7CBB1 = {
						CreatedOnToolsVersion = 14.0.1;
						TestTargetID = 16847AF6297AF9FF00D7CBB1;
					};
				};
			};
			buildConfigurationList = 16847AF2297AF9FF00D7CBB1 /* Build configuration list for PBXProject "AirQuality" */;
			compatibilityVersion = "Xcode 14.0";
			developmentRegion = en;
			hasScannedForEncodings = 0;
			knownRegions = (
				en,
				Base,
			);
			mainGroup = 16847AEE297AF9FF00D7CBB1;
			productRefGroup = 16847AF8297AF9FF00D7CBB1 /* Products */;
			projectDirPath = "";
			projectRoot = "";
			targets = (
				16847AF6297AF9FF00D7CBB1 /* AirQuality */,
				16847B06297AFA0E00D7CBB1 /* AirQualityTests */,
				16847B10297AFA0E00D7CBB1 /* AirQualityUITests */,
			);
		};
/* End PBXProject section */

/* Begin PBXResourcesBuildPhase section */
		16847AF5297AF9FF00D7CBB1 /* Resources */ = {
			isa = PBXResourcesBuildPhase;
			buildActionMask = 2147483647;
			files = (
				16847B02297AFA0E00D7CBB1 /* Preview Assets.xcassets in Resources */,
				16847AFF297AFA0E00D7CBB1 /* Assets.xcassets in Resources */,
			);
			runOnlyForDeploymentPostprocessing = 0;
		};
		16847B05297AFA0E00D7CBB1 /* Resources */ = {
			isa = PBXResourcesBuildPhase;
			buildActionMask = 2147483647;
			files = (
			);
			runOnlyForDeploymentPostprocessing = 0;
		};
		16847B0F297AFA0E00D7CBB1 /* Resources */ = {
			isa = PBXResourcesBuildPhase;
			buildActionMask = 2147483647;
			files = (
			);
			runOnlyForDeploymentPostprocessing = 0;
		};
/* End PBXResourcesBuildPhase section */

/* Begin PBXSourcesBuildPhase section */
		16847AF3297AF9FF00D7CBB1 /* Sources */ = {
			isa = PBXSourcesBuildPhase;
			buildActionMask = 2147483647;
			files = (
				16847AFD297AF9FF00D7CBB1 /* ContentView.swift in Sources */,
				16847B25297B2CBA00D7CBB1 /* Quality.swift in Sources */,
				167B29F4299AB84E00E6C8C7 /* TabView.swift in Sources */,
				16847B2D297E78CC00D7CBB1 /* QualityModel.swift in Sources */,
				16847B29297B318F00D7CBB1 /* Page.swift in Sources */,
				16700BE82996E09B008847E4 /* RiskFunc.swift in Sources */,
				168228A3298081E4003D15D5 /* moreInfo.swift in Sources */,
				16847AFB297AF9FF00D7CBB1 /* AirQualityApp.swift in Sources */,
			);
			runOnlyForDeploymentPostprocessing = 0;
		};
		16847B03297AFA0E00D7CBB1 /* Sources */ = {
			isa = PBXSourcesBuildPhase;
			buildActionMask = 2147483647;
			files = (
				16847B0C297AFA0E00D7CBB1 /* AirQualityTests.swift in Sources */,
			);
			runOnlyForDeploymentPostprocessing = 0;
		};
		16847B0D297AFA0E00D7CBB1 /* Sources */ = {
			isa = PBXSourcesBuildPhase;
			buildActionMask = 2147483647;
			files = (
				16847B16297AFA0E00D7CBB1 /* AirQualityUITests.swift in Sources */,
				16847B18297AFA0E00D7CBB1 /* AirQualityUITestsLaunchTests.swift in Sources */,
			);
			runOnlyForDeploymentPostprocessing = 0;
		};
/* End PBXSourcesBuildPhase section */

/* Begin PBXTargetDependency section */
		16847B09297AFA0E00D7CBB1 /* PBXTargetDependency */ = {
			isa = PBXTargetDependency;
			target = 16847AF6297AF9FF00D7CBB1 /* AirQuality */;
			targetProxy = 16847B08297AFA0E00D7CBB1 /* PBXContainerItemProxy */;
		};
		16847B13297AFA0E00D7CBB1 /* PBXTargetDependency */ = {
			isa = PBXTargetDependency;
			target = 16847AF6297AF9FF00D7CBB1 /* AirQuality */;
			targetProxy = 16847B12297AFA0E00D7CBB1 /* PBXContainerItemProxy */;
		};
/* End PBXTargetDependency section */

/* Begin XCBuildConfiguration section */
		16847B19297AFA0E00D7CBB1 /* Debug */ = {
			isa = XCBuildConfiguration;
			buildSettings = {
				ALWAYS_SEARCH_USER_PATHS = NO;
				CLANG_ANALYZER_NONNULL = YES;
				CLANG_ANALYZER_NUMBER_OBJECT_CONVERSION = YES_AGGRESSIVE;
				CLANG_CXX_LANGUAGE_STANDARD = "gnu++20";
				CLANG_ENABLE_MODULES = YES;
				CLANG_ENABLE_OBJC_ARC = YES;
				CLANG_ENABLE_OBJC_WEAK = YES;
				CLANG_WARN_BLOCK_CAPTURE_AUTORELEASING = YES;
				CLANG_WARN_BOOL_CONVERSION = YES;
				CLANG_WARN_COMMA = YES;
				CLANG_WARN_CONSTANT_CONVERSION = YES;
				CLANG_WARN_DEPRECATED_OBJC_IMPLEMENTATIONS = YES;
				CLANG_WARN_DIRECT_OBJC_ISA_USAGE = YES_ERROR;
				CLANG_WARN_DOCUMENTATION_COMMENTS = YES;
				CLANG_WARN_EMPTY_BODY = YES;
				CLANG_WARN_ENUM_CONVERSION = YES;
				CLANG_WARN_INFINITE_RECURSION = YES;
				CLANG_WARN_INT_CONVERSION = YES;
				CLANG_WARN_NON_LITERAL_NULL_CONVERSION = YES;
				CLANG_WARN_OBJC_IMPLICIT_RETAIN_SELF = YES;
				CLANG_WARN_OBJC_LITERAL_CONVERSION = YES;
				CLANG_WARN_OBJC_ROOT_CLASS = YES_ERROR;
				CLANG_WARN_QUOTED_INCLUDE_IN_FRAMEWORK_HEADER = YES;
				CLANG_WARN_RANGE_LOOP_ANALYSIS = YES;
				CLANG_WARN_STRICT_PROTOTYPES = YES;
				CLANG_WARN_SUSPICIOUS_MOVE = YES;
				CLANG_WARN_UNGUARDED_AVAILABILITY = YES_AGGRESSIVE;
				CLANG_WARN_UNREACHABLE_CODE = YES;
				CLANG_WARN__DUPLICATE_METHOD_MATCH = YES;
				COPY_PHASE_STRIP = NO;
				DEBUG_INFORMATION_FORMAT = dwarf;
				ENABLE_STRICT_OBJC_MSGSEND = YES;
				ENABLE_TESTABILITY = YES;
				GCC_C_LANGUAGE_STANDARD = gnu11;
				GCC_DYNAMIC_NO_PIC = NO;
				GCC_NO_COMMON_BLOCKS = YES;
				GCC_OPTIMIZATION_LEVEL = 0;
				GCC_PREPROCESSOR_DEFINITIONS = (
					"DEBUG=1",
					"$(inherited)",
				);
				GCC_WARN_64_TO_32_BIT_CONVERSION = YES;
				GCC_WARN_ABOUT_RETURN_TYPE = YES_ERROR;
				GCC_WARN_UNDECLARED_SELECTOR = YES;
				GCC_WARN_UNINITIALIZED_AUTOS = YES_AGGRESSIVE;
				GCC_WARN_UNUSED_FUNCTION = YES;
				GCC_WARN_UNUSED_VARIABLE = YES;
				IPHONEOS_DEPLOYMENT_TARGET = 16.0;
				MTL_ENABLE_DEBUG_INFO = INCLUDE_SOURCE;
				MTL_FAST_MATH = YES;
				ONLY_ACTIVE_ARCH = YES;
				SDKROOT = iphoneos;
				SWIFT_ACTIVE_COMPILATION_CONDITIONS = DEBUG;
				SWIFT_OPTIMIZATION_LEVEL = "-Onone";
			};
			name = Debug;
		};
		16847B1A297AFA0E00D7CBB1 /* Release */ = {
			isa = XCBuildConfiguration;
			buildSettings = {
				ALWAYS_SEARCH_USER_PATHS = NO;
				CLANG_ANALYZER_NONNULL = YES;
				CLANG_ANALYZER_NUMBER_OBJECT_CONVERSION = YES_AGGRESSIVE;
				CLANG_CXX_LANGUAGE_STANDARD = "gnu++20";
				CLANG_ENABLE_MODULES = YES;
				CLANG_ENABLE_OBJC_ARC = YES;
				CLANG_ENABLE_OBJC_WEAK = YES;
				CLANG_WARN_BLOCK_CAPTURE_AUTORELEASING = YES;
				CLANG_WARN_BOOL_CONVERSION = YES;
				CLANG_WARN_COMMA = YES;
				CLANG_WARN_CONSTANT_CONVERSION = YES;
				CLANG_WARN_DEPRECATED_OBJC_IMPLEMENTATIONS = YES;
				CLANG_WARN_DIRECT_OBJC_ISA_USAGE = YES_ERROR;
				CLANG_WARN_DOCUMENTATION_COMMENTS = YES;
				CLANG_WARN_EMPTY_BODY = YES;
				CLANG_WARN_ENUM_CONVERSION = YES;
				CLANG_WARN_INFINITE_RECURSION = YES;
				CLANG_WARN_INT_CONVERSION = YES;
				CLANG_WARN_NON_LITERAL_NULL_CONVERSION = YES;
				CLANG_WARN_OBJC_IMPLICIT_RETAIN_SELF = YES;
				CLANG_WARN_OBJC_LITERAL_CONVERSION = YES;
				CLANG_WARN_OBJC_ROOT_CLASS = YES_ERROR;
				CLANG_WARN_QUOTED_INCLUDE_IN_FRAMEWORK_HEADER = YES;
				CLANG_WARN_RANGE_LOOP_ANALYSIS = YES;
				CLANG_WARN_STRICT_PROTOTYPES = YES;
				CLANG_WARN_SUSPICIOUS_MOVE = YES;
				CLANG_WARN_UNGUARDED_AVAILABILITY = YES_AGGRESSIVE;
				CLANG_WARN_UNREACHABLE_CODE = YES;
				CLANG_WARN__DUPLICATE_METHOD_MATCH = YES;
				COPY_PHASE_STRIP = NO;
				DEBUG_INFORMATION_FORMAT = "dwarf-with-dsym";
				ENABLE_NS_ASSERTIONS = NO;
				ENABLE_STRICT_OBJC_MSGSEND = YES;
				GCC_C_LANGUAGE_STANDARD = gnu11;
				GCC_NO_COMMON_BLOCKS = YES;
				GCC_WARN_64_TO_32_BIT_CONVERSION = YES;
				GCC_WARN_ABOUT_RETURN_TYPE = YES_ERROR;
				GCC_WARN_UNDECLARED_SELECTOR = YES;
				GCC_WARN_UNINITIALIZED_AUTOS = YES_AGGRESSIVE;
				GCC_WARN_UNUSED_FUNCTION = YES;
				GCC_WARN_UNUSED_VARIABLE = YES;
				IPHONEOS_DEPLOYMENT_TARGET = 16.0;
				MTL_ENABLE_DEBUG_INFO = NO;
				MTL_FAST_MATH = YES;
				SDKROOT = iphoneos;
				SWIFT_COMPILATION_MODE = wholemodule;
				SWIFT_OPTIMIZATION_LEVEL = "-O";
				VALIDATE_PRODUCT = YES;
			};
			name = Release;
		};
		16847B1C297AFA0E00D7CBB1 /* Debug */ = {
			isa = XCBuildConfiguration;
			buildSettings = {
				ASSETCATALOG_COMPILER_APPICON_NAME = AppIcon;
				ASSETCATALOG_COMPILER_GLOBAL_ACCENT_COLOR_NAME = AccentColor;
				CODE_SIGN_STYLE = Automatic;
				CURRENT_PROJECT_VERSION = 1;
				DEVELOPMENT_ASSET_PATHS = "\"AirQuality/Preview Content\"";
				ENABLE_PREVIEWS = YES;
				GENERATE_INFOPLIST_FILE = YES;
				INFOPLIST_KEY_UIApplicationSceneManifest_Generation = YES;
				INFOPLIST_KEY_UIApplicationSupportsIndirectInputEvents = YES;
				INFOPLIST_KEY_UILaunchScreen_Generation = YES;
				INFOPLIST_KEY_UISupportedInterfaceOrientations_iPad = "UIInterfaceOrientationPortrait UIInterfaceOrientationPortraitUpsideDown UIInterfaceOrientationLandscapeLeft UIInterfaceOrientationLandscapeRight";
				INFOPLIST_KEY_UISupportedInterfaceOrientations_iPhone = "UIInterfaceOrientationPortrait UIInterfaceOrientationLandscapeLeft UIInterfaceOrientationLandscapeRight";
				LD_RUNPATH_SEARCH_PATHS = (
					"$(inherited)",
					"@executable_path/Frameworks",
				);
				MARKETING_VERSION = 1.0;
				PRODUCT_BUNDLE_IDENTIFIER = XRDS.AirQuality;
				PRODUCT_NAME = "$(TARGET_NAME)";
				SWIFT_EMIT_LOC_STRINGS = YES;
				SWIFT_VERSION = 5.0;
				TARGETED_DEVICE_FAMILY = "1,2";
			};
			name = Debug;
		};
		16847B1D297AFA0E00D7CBB1 /* Release */ = {
			isa = XCBuildConfiguration;
			buildSettings = {
				ASSETCATALOG_COMPILER_APPICON_NAME = AppIcon;
				ASSETCATALOG_COMPILER_GLOBAL_ACCENT_COLOR_NAME = AccentColor;
				CODE_SIGN_STYLE = Automatic;
				CURRENT_PROJECT_VERSION = 1;
				DEVELOPMENT_ASSET_PATHS = "\"AirQuality/Preview Content\"";
				ENABLE_PREVIEWS = YES;
				GENERATE_INFOPLIST_FILE = YES;
				INFOPLIST_KEY_UIApplicationSceneManifest_Generation = YES;
				INFOPLIST_KEY_UIApplicationSupportsIndirectInputEvents = YES;
				INFOPLIST_KEY_UILaunchScreen_Generation = YES;
				INFOPLIST_KEY_UISupportedInterfaceOrientations_iPad = "UIInterfaceOrientationPortrait UIInterfaceOrientationPortraitUpsideDown UIInterfaceOrientationLandscapeLeft UIInterfaceOrientationLandscapeRight";
				INFOPLIST_KEY_UISupportedInterfaceOrientations_iPhone = "UIInterfaceOrientationPortrait UIInterfaceOrientationLandscapeLeft UIInterfaceOrientationLandscapeRight";
				LD_RUNPATH_SEARCH_PATHS = (
					"$(inherited)",
					"@executable_path/Frameworks",
				);
				MARKETING_VERSION = 1.0;
				PRODUCT_BUNDLE_IDENTIFIER = XRDS.AirQuality;
				PRODUCT_NAME = "$(TARGET_NAME)";
				SWIFT_EMIT_LOC_STRINGS = YES;
				SWIFT_VERSION = 5.0;
				TARGETED_DEVICE_FAMILY = "1,2";
			};
			name = Release;
		};
		16847B1F297AFA0E00D7CBB1 /* Debug */ = {
			isa = XCBuildConfiguration;
			buildSettings = {
				ALWAYS_EMBED_SWIFT_STANDARD_LIBRARIES = YES;
				BUNDLE_LOADER = "$(TEST_HOST)";
				CODE_SIGN_STYLE = Automatic;
				CURRENT_PROJECT_VERSION = 1;
				GENERATE_INFOPLIST_FILE = YES;
				IPHONEOS_DEPLOYMENT_TARGET = 16.0;
				MARKETING_VERSION = 1.0;
				PRODUCT_BUNDLE_IDENTIFIER = XRDS.AirQualityTests;
				PRODUCT_NAME = "$(TARGET_NAME)";
				SWIFT_EMIT_LOC_STRINGS = NO;
				SWIFT_VERSION = 5.0;
				TARGETED_DEVICE_FAMILY = "1,2";
				TEST_HOST = "$(BUILT_PRODUCTS_DIR)/AirQuality.app/$(BUNDLE_EXECUTABLE_FOLDER_PATH)/AirQuality";
			};
			name = Debug;
		};
		16847B20297AFA0E00D7CBB1 /* Release */ = {
			isa = XCBuildConfiguration;
			buildSettings = {
				ALWAYS_EMBED_SWIFT_STANDARD_LIBRARIES = YES;
				BUNDLE_LOADER = "$(TEST_HOST)";
				CODE_SIGN_STYLE = Automatic;
				CURRENT_PROJECT_VERSION = 1;
				GENERATE_INFOPLIST_FILE = YES;
				IPHONEOS_DEPLOYMENT_TARGET = 16.0;
				MARKETING_VERSION = 1.0;
				PRODUCT_BUNDLE_IDENTIFIER = XRDS.AirQualityTests;
				PRODUCT_NAME = "$(TARGET_NAME)";
				SWIFT_EMIT_LOC_STRINGS = NO;
				SWIFT_VERSION = 5.0;
				TARGETED_DEVICE_FAMILY = "1,2";
				TEST_HOST = "$(BUILT_PRODUCTS_DIR)/AirQuality.app/$(BUNDLE_EXECUTABLE_FOLDER_PATH)/AirQuality";
			};
			name = Release;
		};
		16847B22297AFA0E00D7CBB1 /* Debug */ = {
			isa = XCBuildConfiguration;
			buildSettings = {
				ALWAYS_EMBED_SWIFT_STANDARD_LIBRARIES = YES;
				CODE_SIGN_STYLE = Automatic;
				CURRENT_PROJECT_VERSION = 1;
				GENERATE_INFOPLIST_FILE = YES;
				MARKETING_VERSION = 1.0;
				PRODUCT_BUNDLE_IDENTIFIER = XRDS.AirQualityUITests;
				PRODUCT_NAME = "$(TARGET_NAME)";
				SWIFT_EMIT_LOC_STRINGS = NO;
				SWIFT_VERSION = 5.0;
				TARGETED_DEVICE_FAMILY = "1,2";
				TEST_TARGET_NAME = AirQuality;
			};
			name = Debug;
		};
		16847B23297AFA0E00D7CBB1 /* Release */ = {
			isa = XCBuildConfiguration;
			buildSettings = {
				ALWAYS_EMBED_SWIFT_STANDARD_LIBRARIES = YES;
				CODE_SIGN_STYLE = Automatic;
				CURRENT_PROJECT_VERSION = 1;
				GENERATE_INFOPLIST_FILE = YES;
				MARKETING_VERSION = 1.0;
				PRODUCT_BUNDLE_IDENTIFIER = XRDS.AirQualityUITests;
				PRODUCT_NAME = "$(TARGET_NAME)";
				SWIFT_EMIT_LOC_STRINGS = NO;
				SWIFT_VERSION = 5.0;
				TARGETED_DEVICE_FAMILY = "1,2";
				TEST_TARGET_NAME = AirQuality;
			};
			name = Release;
		};
/* End XCBuildConfiguration section */

/* Begin XCConfigurationList section */
		16847AF2297AF9FF00D7CBB1 /* Build configuration list for PBXProject "AirQuality" */ = {
			isa = XCConfigurationList;
			buildConfigurations = (
				16847B19297AFA0E00D7CBB1 /* Debug */,
				16847B1A297AFA0E00D7CBB1 /* Release */,
			);
			defaultConfigurationIsVisible = 0;
			defaultConfigurationName = Release;
		};
		16847B1B297AFA0E00D7CBB1 /* Build configuration list for PBXNativeTarget "AirQuality" */ = {
			isa = XCConfigurationList;
			buildConfigurations = (
				16847B1C297AFA0E00D7CBB1 /* Debug */,
				16847B1D297AFA0E00D7CBB1 /* Release */,
			);
			defaultConfigurationIsVisible = 0;
			defaultConfigurationName = Release;
		};
		16847B1E297AFA0E00D7CBB1 /* Build configuration list for PBXNativeTarget "AirQualityTests" */ = {
			isa = XCConfigurationList;
			buildConfigurations = (
				16847B1F297AFA0E00D7CBB1 /* Debug */,
				16847B20297AFA0E00D7CBB1 /* Release */,
			);
			defaultConfigurationIsVisible = 0;
			defaultConfigurationName = Release;
		};
		16847B21297AFA0E00D7CBB1 /* Build configuration list for PBXNativeTarget "AirQualityUITests" */ = {
			isa = XCConfigurationList;
			buildConfigurations = (
				16847B22297AFA0E00D7CBB1 /* Debug */,
				16847B23297AFA0E00D7CBB1 /* Release */,
			);
			defaultConfigurationIsVisible = 0;
			defaultConfigurationName = Release;
		};
/* End XCConfigurationList section */
	};
	rootObject = 16847AEF297AF9FF00D7CBB1 /* Project object */;
}
